// !$*UTF8*$!
{
	archiveVersion = 1;
	classes = {
	};
	objectVersion = 46;
	objects = {

/* Begin PBXBuildFile section */
		B897AC7C19E4AC8700820251 /* Main.storyboard in Resources */ = {isa = PBXBuildFile; fileRef = B897AC7A19E4AC8700820251 /* Main.storyboard */; };
		B897AC8119E4AC8700820251 /* LaunchScreen.xib in Resources */ = {isa = PBXBuildFile; fileRef = B897AC7F19E4AC8700820251 /* LaunchScreen.xib */; };
		B897AC8D19E4AC8700820251 /* Metronome_SwiftTests.swift in Sources */ = {isa = PBXBuildFile; fileRef = B897AC8C19E4AC8700820251 /* Metronome_SwiftTests.swift */; };
		C8D9B83B1E690C5C00EBDEA5 /* Cat_Angry_Growl_Hiss_Sound_Effect.wav in Resources */ = {isa = PBXBuildFile; fileRef = C8D9B82A1E690C5C00EBDEA5 /* Cat_Angry_Growl_Hiss_Sound_Effect.wav */; };
		C8D9B83C1E690C5C00EBDEA5 /* Meow Mix 2.wav in Resources */ = {isa = PBXBuildFile; fileRef = C8D9B82B1E690C5C00EBDEA5 /* Meow Mix 2.wav */; };
		C8D9B83D1E690C5C00EBDEA5 /* Meow Mix.wav in Resources */ = {isa = PBXBuildFile; fileRef = C8D9B82C1E690C5C00EBDEA5 /* Meow Mix.wav */; };
		C8D9B83E1E690C5C00EBDEA5 /* Meow Mix 2.mp3 in Resources */ = {isa = PBXBuildFile; fileRef = C8D9B82D1E690C5C00EBDEA5 /* Meow Mix 2.mp3 */; };
		C8D9B83F1E690C5C00EBDEA5 /* Meow_dubstep.wav in Resources */ = {isa = PBXBuildFile; fileRef = C8D9B82E1E690C5C00EBDEA5 /* Meow_dubstep.wav */; };
		C8D9B8401E690C5C00EBDEA5 /* KittenMoan.wav in Resources */ = {isa = PBXBuildFile; fileRef = C8D9B82F1E690C5C00EBDEA5 /* KittenMoan.wav */; };
		C8D9B8411E690C5C00EBDEA5 /* Meow_dubstep medium.wav in Resources */ = {isa = PBXBuildFile; fileRef = C8D9B8301E690C5C00EBDEA5 /* Meow_dubstep medium.wav */; };
		C8D9B8421E690C5C00EBDEA5 /* cat hiss.wav in Resources */ = {isa = PBXBuildFile; fileRef = C8D9B8311E690C5C00EBDEA5 /* cat hiss.wav */; };
		C8D9B8431E690C5C00EBDEA5 /* Meow Mix 1.mp3 in Resources */ = {isa = PBXBuildFile; fileRef = C8D9B8321E690C5C00EBDEA5 /* Meow Mix 1.mp3 */; };
		C8D9B8441E690C5C00EBDEA5 /* Meow_dubstep short.wav in Resources */ = {isa = PBXBuildFile; fileRef = C8D9B8331E690C5C00EBDEA5 /* Meow_dubstep short.wav */; };
		C8D9B8451E690C5C00EBDEA5 /* MetronomeViewController.swift in Sources */ = {isa = PBXBuildFile; fileRef = C8D9B8341E690C5C00EBDEA5 /* MetronomeViewController.swift */; };
		C8D9B8461E690C5C00EBDEA5 /* KittenMoanMedium.mp3 in Resources */ = {isa = PBXBuildFile; fileRef = C8D9B8351E690C5C00EBDEA5 /* KittenMoanMedium.mp3 */; };
		C8D9B8471E690C5C00EBDEA5 /* KittenMoanShort.mp3 in Resources */ = {isa = PBXBuildFile; fileRef = C8D9B8361E690C5C00EBDEA5 /* KittenMoanShort.mp3 */; };
		C8D9B8481E690C5C00EBDEA5 /* metronomeClick.mp3 in Resources */ = {isa = PBXBuildFile; fileRef = C8D9B8371E690C5C00EBDEA5 /* metronomeClick.mp3 */; };
		C8D9B8491E690C5C00EBDEA5 /* AppDelegate.swift in Sources */ = {isa = PBXBuildFile; fileRef = C8D9B8381E690C5C00EBDEA5 /* AppDelegate.swift */; };
		C8D9B84A1E690C5C00EBDEA5 /* Info.plist in Resources */ = {isa = PBXBuildFile; fileRef = C8D9B8391E690C5C00EBDEA5 /* Info.plist */; };
		C8D9B84B1E690C5C00EBDEA5 /* Images.xcassets in Resources */ = {isa = PBXBuildFile; fileRef = C8D9B83A1E690C5C00EBDEA5 /* Images.xcassets */; };
/* End PBXBuildFile section */

/* Begin PBXContainerItemProxy section */
		B897AC8719E4AC8700820251 /* PBXContainerItemProxy */ = {
			isa = PBXContainerItemProxy;
			containerPortal = B897AC6919E4AC8700820251 /* Project object */;
			proxyType = 1;
			remoteGlobalIDString = B897AC7019E4AC8700820251;
			remoteInfo = "Metronome-Swift";
		};
/* End PBXContainerItemProxy section */

/* Begin PBXFileReference section */
		B897AC7119E4AC8700820251 /* Cat Beats.app */ = {isa = PBXFileReference; explicitFileType = wrapper.application; includeInIndex = 0; path = "Cat Beats.app"; sourceTree = BUILT_PRODUCTS_DIR; };
		B897AC7B19E4AC8700820251 /* Base */ = {isa = PBXFileReference; lastKnownFileType = file.storyboard; name = Base; path = Base.lproj/Main.storyboard; sourceTree = "<group>"; };
		B897AC8019E4AC8700820251 /* Base */ = {isa = PBXFileReference; lastKnownFileType = file.xib; name = Base; path = Base.lproj/LaunchScreen.xib; sourceTree = "<group>"; };
		B897AC8619E4AC8700820251 /* Cat Beats.xctest */ = {isa = PBXFileReference; explicitFileType = wrapper.cfbundle; includeInIndex = 0; path = "Cat Beats.xctest"; sourceTree = BUILT_PRODUCTS_DIR; };
		B897AC8B19E4AC8700820251 /* Info.plist */ = {isa = PBXFileReference; lastKnownFileType = text.plist.xml; path = Info.plist; sourceTree = "<group>"; };
		B897AC8C19E4AC8700820251 /* Metronome_SwiftTests.swift */ = {isa = PBXFileReference; lastKnownFileType = sourcecode.swift; path = Metronome_SwiftTests.swift; sourceTree = "<group>"; };
		C8D9B82A1E690C5C00EBDEA5 /* Cat_Angry_Growl_Hiss_Sound_Effect.wav */ = {isa = PBXFileReference; lastKnownFileType = audio.wav; name = Cat_Angry_Growl_Hiss_Sound_Effect.wav; path = "Cat Beats/Cat_Angry_Growl_Hiss_Sound_Effect.wav"; sourceTree = SOURCE_ROOT; };
		C8D9B82B1E690C5C00EBDEA5 /* Meow Mix 2.wav */ = {isa = PBXFileReference; lastKnownFileType = audio.wav; name = "Meow Mix 2.wav"; path = "Cat Beats/Meow Mix 2.wav"; sourceTree = SOURCE_ROOT; };
		C8D9B82C1E690C5C00EBDEA5 /* Meow Mix.wav */ = {isa = PBXFileReference; lastKnownFileType = audio.wav; name = "Meow Mix.wav"; path = "Cat Beats/Meow Mix.wav"; sourceTree = SOURCE_ROOT; };
		C8D9B82D1E690C5C00EBDEA5 /* Meow Mix 2.mp3 */ = {isa = PBXFileReference; lastKnownFileType = audio.mp3; name = "Meow Mix 2.mp3"; path = "Cat Beats/Meow Mix 2.mp3"; sourceTree = SOURCE_ROOT; };
		C8D9B82E1E690C5C00EBDEA5 /* Meow_dubstep.wav */ = {isa = PBXFileReference; lastKnownFileType = audio.wav; name = Meow_dubstep.wav; path = "Cat Beats/Meow_dubstep.wav"; sourceTree = SOURCE_ROOT; };
		C8D9B82F1E690C5C00EBDEA5 /* KittenMoan.wav */ = {isa = PBXFileReference; lastKnownFileType = audio.wav; name = KittenMoan.wav; path = "Cat Beats/KittenMoan.wav"; sourceTree = SOURCE_ROOT; };
		C8D9B8301E690C5C00EBDEA5 /* Meow_dubstep medium.wav */ = {isa = PBXFileReference; lastKnownFileType = audio.wav; name = "Meow_dubstep medium.wav"; path = "Cat Beats/Meow_dubstep medium.wav"; sourceTree = SOURCE_ROOT; };
		C8D9B8311E690C5C00EBDEA5 /* cat hiss.wav */ = {isa = PBXFileReference; lastKnownFileType = audio.wav; name = "cat hiss.wav"; path = "Cat Beats/cat hiss.wav"; sourceTree = SOURCE_ROOT; };
		C8D9B8321E690C5C00EBDEA5 /* Meow Mix 1.mp3 */ = {isa = PBXFileReference; lastKnownFileType = audio.mp3; name = "Meow Mix 1.mp3"; path = "Cat Beats/Meow Mix 1.mp3"; sourceTree = SOURCE_ROOT; };
		C8D9B8331E690C5C00EBDEA5 /* Meow_dubstep short.wav */ = {isa = PBXFileReference; lastKnownFileType = audio.wav; name = "Meow_dubstep short.wav"; path = "Cat Beats/Meow_dubstep short.wav"; sourceTree = SOURCE_ROOT; };
		C8D9B8341E690C5C00EBDEA5 /* MetronomeViewController.swift */ = {isa = PBXFileReference; fileEncoding = 4; lastKnownFileType = sourcecode.swift; name = MetronomeViewController.swift; path = "Cat Beats/MetronomeViewController.swift"; sourceTree = SOURCE_ROOT; };
		C8D9B8351E690C5C00EBDEA5 /* KittenMoanMedium.mp3 */ = {isa = PBXFileReference; lastKnownFileType = audio.mp3; name = KittenMoanMedium.mp3; path = "Cat Beats/KittenMoanMedium.mp3"; sourceTree = SOURCE_ROOT; };
		C8D9B8361E690C5C00EBDEA5 /* KittenMoanShort.mp3 */ = {isa = PBXFileReference; lastKnownFileType = audio.mp3; name = KittenMoanShort.mp3; path = "Cat Beats/KittenMoanShort.mp3"; sourceTree = SOURCE_ROOT; };
		C8D9B8371E690C5C00EBDEA5 /* metronomeClick.mp3 */ = {isa = PBXFileReference; lastKnownFileType = audio.mp3; name = metronomeClick.mp3; path = "Cat Beats/metronomeClick.mp3"; sourceTree = SOURCE_ROOT; };
		C8D9B8381E690C5C00EBDEA5 /* AppDelegate.swift */ = {isa = PBXFileReference; fileEncoding = 4; lastKnownFileType = sourcecode.swift; name = AppDelegate.swift; path = "Cat Beats/AppDelegate.swift"; sourceTree = SOURCE_ROOT; };
		C8D9B8391E690C5C00EBDEA5 /* Info.plist */ = {isa = PBXFileReference; fileEncoding = 4; lastKnownFileType = text.plist.xml; name = Info.plist; path = "Cat Beats/Info.plist"; sourceTree = SOURCE_ROOT; };
		C8D9B83A1E690C5C00EBDEA5 /* Images.xcassets */ = {isa = PBXFileReference; lastKnownFileType = folder.assetcatalog; name = Images.xcassets; path = "Cat Beats/Images.xcassets"; sourceTree = SOURCE_ROOT; };
/* End PBXFileReference section */

/* Begin PBXFrameworksBuildPhase section */
		B897AC6E19E4AC8700820251 /* Frameworks */ = {
			isa = PBXFrameworksBuildPhase;
			buildActionMask = 2147483647;
			files = (
			);
			runOnlyForDeploymentPostprocessing = 0;
		};
		B897AC8319E4AC8700820251 /* Frameworks */ = {
			isa = PBXFrameworksBuildPhase;
			buildActionMask = 2147483647;
			files = (
			);
			runOnlyForDeploymentPostprocessing = 0;
		};
/* End PBXFrameworksBuildPhase section */

/* Begin PBXGroup section */
		B897AC6819E4AC8700820251 = {
			isa = PBXGroup;
			children = (
				B897AC7319E4AC8700820251 /* Cat Beats */,
				B897AC8919E4AC8700820251 /* Cat Beats */,
				B897AC7219E4AC8700820251 /* Products */,
			);
			sourceTree = "<group>";
		};
		B897AC7219E4AC8700820251 /* Products */ = {
			isa = PBXGroup;
			children = (
				B897AC7119E4AC8700820251 /* Cat Beats.app */,
				B897AC8619E4AC8700820251 /* Cat Beats.xctest */,
			);
			name = Products;
			sourceTree = "<group>";
		};
		B897AC7319E4AC8700820251 /* Cat Beats */ = {
			isa = PBXGroup;
			children = (
				B897AC7A19E4AC8700820251 /* Main.storyboard */,
				B897AC7F19E4AC8700820251 /* LaunchScreen.xib */,
				C8D9B82A1E690C5C00EBDEA5 /* Cat_Angry_Growl_Hiss_Sound_Effect.wav */,
				C8D9B82B1E690C5C00EBDEA5 /* Meow Mix 2.wav */,
				C8D9B82C1E690C5C00EBDEA5 /* Meow Mix.wav */,
				C8D9B82D1E690C5C00EBDEA5 /* Meow Mix 2.mp3 */,
				C8D9B82E1E690C5C00EBDEA5 /* Meow_dubstep.wav */,
				C8D9B82F1E690C5C00EBDEA5 /* KittenMoan.wav */,
				C8D9B8301E690C5C00EBDEA5 /* Meow_dubstep medium.wav */,
				C8D9B8311E690C5C00EBDEA5 /* cat hiss.wav */,
				C8D9B8321E690C5C00EBDEA5 /* Meow Mix 1.mp3 */,
				C8D9B8331E690C5C00EBDEA5 /* Meow_dubstep short.wav */,
				C8D9B8341E690C5C00EBDEA5 /* MetronomeViewController.swift */,
				C8D9B8351E690C5C00EBDEA5 /* KittenMoanMedium.mp3 */,
				C8D9B8361E690C5C00EBDEA5 /* KittenMoanShort.mp3 */,
				C8D9B8371E690C5C00EBDEA5 /* metronomeClick.mp3 */,
				C8D9B8381E690C5C00EBDEA5 /* AppDelegate.swift */,
				C8D9B8391E690C5C00EBDEA5 /* Info.plist */,
				C8D9B83A1E690C5C00EBDEA5 /* Images.xcassets */,
				B897AC7419E4AC8700820251 /* Supporting Files */,
			);
			name = "Cat Beats";
			path = "Metronome-Swift";
			sourceTree = "<group>";
		};
		B897AC7419E4AC8700820251 /* Supporting Files */ = {
			isa = PBXGroup;
			children = (
			);
			name = "Supporting Files";
			sourceTree = "<group>";
		};
		B897AC8919E4AC8700820251 /* Cat Beats */ = {
			isa = PBXGroup;
			children = (
				B897AC8C19E4AC8700820251 /* Metronome_SwiftTests.swift */,
				B897AC8A19E4AC8700820251 /* Supporting Files */,
			);
			name = "Cat Beats";
			path = "Metronome-SwiftTests";
			sourceTree = "<group>";
		};
		B897AC8A19E4AC8700820251 /* Supporting Files */ = {
			isa = PBXGroup;
			children = (
				B897AC8B19E4AC8700820251 /* Info.plist */,
			);
			name = "Supporting Files";
			sourceTree = "<group>";
		};
/* End PBXGroup section */

/* Begin PBXNativeTarget section */
		B897AC7019E4AC8700820251 /* Cat Beats */ = {
			isa = PBXNativeTarget;
			buildConfigurationList = B897AC9019E4AC8700820251 /* Build configuration list for PBXNativeTarget "Cat Beats" */;
			buildPhases = (
				B897AC6D19E4AC8700820251 /* Sources */,
				B897AC6E19E4AC8700820251 /* Frameworks */,
				B897AC6F19E4AC8700820251 /* Resources */,
			);
			buildRules = (
			);
			dependencies = (
			);
			name = "Cat Beats";
			productName = "Metronome-Swift";
			productReference = B897AC7119E4AC8700820251 /* Cat Beats.app */;
			productType = "com.apple.product-type.application";
		};
		B897AC8519E4AC8700820251 /* Cat BeatsTests */ = {
			isa = PBXNativeTarget;
			buildConfigurationList = B897AC9319E4AC8700820251 /* Build configuration list for PBXNativeTarget "Cat BeatsTests" */;
			buildPhases = (
				B897AC8219E4AC8700820251 /* Sources */,
				B897AC8319E4AC8700820251 /* Frameworks */,
				B897AC8419E4AC8700820251 /* Resources */,
			);
			buildRules = (
			);
			dependencies = (
				B897AC8819E4AC8700820251 /* PBXTargetDependency */,
			);
			name = "Cat BeatsTests";
			productName = "Metronome-SwiftTests";
			productReference = B897AC8619E4AC8700820251 /* Cat Beats.xctest */;
			productType = "com.apple.product-type.bundle.unit-test";
		};
/* End PBXNativeTarget section */

/* Begin PBXProject section */
		B897AC6919E4AC8700820251 /* Project object */ = {
			isa = PBXProject;
			attributes = {
				LastSwiftMigration = 0730;
				LastSwiftUpdateCheck = 0730;
				LastUpgradeCheck = 0600;
				ORGANIZATIONNAME = "Nikolas Gelo";
				TargetAttributes = {
					B897AC7019E4AC8700820251 = {
						CreatedOnToolsVersion = 6.0.1;
						DevelopmentTeam = J5G994BZC2;
					};
					B897AC8519E4AC8700820251 = {
						CreatedOnToolsVersion = 6.0.1;
						TestTargetID = B897AC7019E4AC8700820251;
					};
				};
			};
			buildConfigurationList = B897AC6C19E4AC8700820251 /* Build configuration list for PBXProject "Cat Beats" */;
			compatibilityVersion = "Xcode 3.2";
			developmentRegion = English;
			hasScannedForEncodings = 0;
			knownRegions = (
				en,
				Base,
			);
			mainGroup = B897AC6819E4AC8700820251;
			productRefGroup = B897AC7219E4AC8700820251 /* Products */;
			projectDirPath = "";
			projectRoot = "";
			targets = (
				B897AC7019E4AC8700820251 /* Cat Beats */,
				B897AC8519E4AC8700820251 /* Cat BeatsTests */,
			);
		};
/* End PBXProject section */

/* Begin PBXResourcesBuildPhase section */
		B897AC6F19E4AC8700820251 /* Resources */ = {
			isa = PBXResourcesBuildPhase;
			buildActionMask = 2147483647;
			files = (
				C8D9B83E1E690C5C00EBDEA5 /* Meow Mix 2.mp3 in Resources */,
				C8D9B8461E690C5C00EBDEA5 /* KittenMoanMedium.mp3 in Resources */,
				C8D9B8411E690C5C00EBDEA5 /* Meow_dubstep medium.wav in Resources */,
				C8D9B84B1E690C5C00EBDEA5 /* Images.xcassets in Resources */,
				C8D9B84A1E690C5C00EBDEA5 /* Info.plist in Resources */,
				C8D9B8481E690C5C00EBDEA5 /* metronomeClick.mp3 in Resources */,
				C8D9B8401E690C5C00EBDEA5 /* KittenMoan.wav in Resources */,
				C8D9B83B1E690C5C00EBDEA5 /* Cat_Angry_Growl_Hiss_Sound_Effect.wav in Resources */,
				C8D9B8441E690C5C00EBDEA5 /* Meow_dubstep short.wav in Resources */,
				C8D9B8421E690C5C00EBDEA5 /* cat hiss.wav in Resources */,
				C8D9B8471E690C5C00EBDEA5 /* KittenMoanShort.mp3 in Resources */,
				C8D9B83D1E690C5C00EBDEA5 /* Meow Mix.wav in Resources */,
				B897AC7C19E4AC8700820251 /* Main.storyboard in Resources */,
				C8D9B8431E690C5C00EBDEA5 /* Meow Mix 1.mp3 in Resources */,
				C8D9B83F1E690C5C00EBDEA5 /* Meow_dubstep.wav in Resources */,
				B897AC8119E4AC8700820251 /* LaunchScreen.xib in Resources */,
				C8D9B83C1E690C5C00EBDEA5 /* Meow Mix 2.wav in Resources */,
			);
			runOnlyForDeploymentPostprocessing = 0;
		};
		B897AC8419E4AC8700820251 /* Resources */ = {
			isa = PBXResourcesBuildPhase;
			buildActionMask = 2147483647;
			files = (
			);
			runOnlyForDeploymentPostprocessing = 0;
		};
/* End PBXResourcesBuildPhase section */

/* Begin PBXSourcesBuildPhase section */
		B897AC6D19E4AC8700820251 /* Sources */ = {
			isa = PBXSourcesBuildPhase;
			buildActionMask = 2147483647;
			files = (
				C8D9B8491E690C5C00EBDEA5 /* AppDelegate.swift in Sources */,
				C8D9B8451E690C5C00EBDEA5 /* MetronomeViewController.swift in Sources */,
			);
			runOnlyForDeploymentPostprocessing = 0;
		};
		B897AC8219E4AC8700820251 /* Sources */ = {
			isa = PBXSourcesBuildPhase;
			buildActionMask = 2147483647;
			files = (
				B897AC8D19E4AC8700820251 /* Metronome_SwiftTests.swift in Sources */,
			);
			runOnlyForDeploymentPostprocessing = 0;
		};
/* End PBXSourcesBuildPhase section */

/* Begin PBXTargetDependency section */
		B897AC8819E4AC8700820251 /* PBXTargetDependency */ = {
			isa = PBXTargetDependency;
			target = B897AC7019E4AC8700820251 /* Cat Beats */;
			targetProxy = B897AC8719E4AC8700820251 /* PBXContainerItemProxy */;
		};
/* End PBXTargetDependency section */

/* Begin PBXVariantGroup section */
		B897AC7A19E4AC8700820251 /* Main.storyboard */ = {
			isa = PBXVariantGroup;
			children = (
				B897AC7B19E4AC8700820251 /* Base */,
			);
			name = Main.storyboard;
			sourceTree = "<group>";
		};
		B897AC7F19E4AC8700820251 /* LaunchScreen.xib */ = {
			isa = PBXVariantGroup;
			children = (
				B897AC8019E4AC8700820251 /* Base */,
			);
			name = LaunchScreen.xib;
			sourceTree = "<group>";
		};
/* End PBXVariantGroup section */

/* Begin XCBuildConfiguration section */
		B897AC8E19E4AC8700820251 /* Debug */ = {
			isa = XCBuildConfiguration;
			buildSettings = {
				ALWAYS_SEARCH_USER_PATHS = NO;
				CLANG_CXX_LANGUAGE_STANDARD = "gnu++0x";
				CLANG_CXX_LIBRARY = "libc++";
				CLANG_ENABLE_MODULES = YES;
				CLANG_ENABLE_OBJC_ARC = YES;
				CLANG_WARN_BOOL_CONVERSION = YES;
				CLANG_WARN_CONSTANT_CONVERSION = YES;
				CLANG_WARN_DIRECT_OBJC_ISA_USAGE = YES_ERROR;
				CLANG_WARN_EMPTY_BODY = YES;
				CLANG_WARN_ENUM_CONVERSION = YES;
				CLANG_WARN_INT_CONVERSION = YES;
				CLANG_WARN_OBJC_ROOT_CLASS = YES_ERROR;
				CLANG_WARN_UNREACHABLE_CODE = YES;
				CLANG_WARN__DUPLICATE_METHOD_MATCH = YES;
				"CODE_SIGN_IDENTITY[sdk=iphoneos*]" = "iPhone Developer";
				COPY_PHASE_STRIP = NO;
				ENABLE_STRICT_OBJC_MSGSEND = YES;
				GCC_C_LANGUAGE_STANDARD = gnu99;
				GCC_DYNAMIC_NO_PIC = NO;
				GCC_OPTIMIZATION_LEVEL = 0;
				GCC_PREPROCESSOR_DEFINITIONS = (
					"DEBUG=1",
					"$(inherited)",
				);
				GCC_SYMBOLS_PRIVATE_EXTERN = NO;
				GCC_WARN_64_TO_32_BIT_CONVERSION = YES;
				GCC_WARN_ABOUT_RETURN_TYPE = YES_ERROR;
				GCC_WARN_UNDECLARED_SELECTOR = YES;
				GCC_WARN_UNINITIALIZED_AUTOS = YES_AGGRESSIVE;
				GCC_WARN_UNUSED_FUNCTION = YES;
				GCC_WARN_UNUSED_VARIABLE = YES;
				IPHONEOS_DEPLOYMENT_TARGET = 8.0;
				MTL_ENABLE_DEBUG_INFO = YES;
				ONLY_ACTIVE_ARCH = YES;
				SDKROOT = iphoneos;
				SWIFT_OPTIMIZATION_LEVEL = "-Onone";
				TARGETED_DEVICE_FAMILY = "1,2";
			};
			name = Debug;
		};
		B897AC8F19E4AC8700820251 /* Release */ = {
			isa = XCBuildConfiguration;
			buildSettings = {
				ALWAYS_SEARCH_USER_PATHS = NO;
				CLANG_CXX_LANGUAGE_STANDARD = "gnu++0x";
				CLANG_CXX_LIBRARY = "libc++";
				CLANG_ENABLE_MODULES = YES;
				CLANG_ENABLE_OBJC_ARC = YES;
				CLANG_WARN_BOOL_CONVERSION = YES;
				CLANG_WARN_CONSTANT_CONVERSION = YES;
				CLANG_WARN_DIRECT_OBJC_ISA_USAGE = YES_ERROR;
				CLANG_WARN_EMPTY_BODY = YES;
				CLANG_WARN_ENUM_CONVERSION = YES;
				CLANG_WARN_INT_CONVERSION = YES;
				CLANG_WARN_OBJC_ROOT_CLASS = YES_ERROR;
				CLANG_WARN_UNREACHABLE_CODE = YES;
				CLANG_WARN__DUPLICATE_METHOD_MATCH = YES;
				"CODE_SIGN_IDENTITY[sdk=iphoneos*]" = "iPhone Developer";
				COPY_PHASE_STRIP = YES;
				ENABLE_NS_ASSERTIONS = NO;
				ENABLE_STRICT_OBJC_MSGSEND = YES;
				GCC_C_LANGUAGE_STANDARD = gnu99;
				GCC_WARN_64_TO_32_BIT_CONVERSION = YES;
				GCC_WARN_ABOUT_RETURN_TYPE = YES_ERROR;
				GCC_WARN_UNDECLARED_SELECTOR = YES;
				GCC_WARN_UNINITIALIZED_AUTOS = YES_AGGRESSIVE;
				GCC_WARN_UNUSED_FUNCTION = YES;
				GCC_WARN_UNUSED_VARIABLE = YES;
				IPHONEOS_DEPLOYMENT_TARGET = 8.0;
				MTL_ENABLE_DEBUG_INFO = NO;
				SDKROOT = iphoneos;
				TARGETED_DEVICE_FAMILY = "1,2";
				VALIDATE_PRODUCT = YES;
			};
			name = Release;
		};
		B897AC9119E4AC8700820251 /* Debug */ = {
			isa = XCBuildConfiguration;
			buildSettings = {
				ASSETCATALOG_COMPILER_APPICON_NAME = AppIcon;
				CODE_SIGN_IDENTITY = "iPhone Distribution: Beakyn Company (J5G994BZC2)";
				"CODE_SIGN_IDENTITY[sdk=iphoneos*]" = "iPhone Distribution: Beakyn Company (J5G994BZC2)";
				INFOPLIST_FILE = "Metronome-Swift/Info.plist";
				LD_RUNPATH_SEARCH_PATHS = "$(inherited) @executable_path/Frameworks";
				PRODUCT_BUNDLE_IDENTIFIER = "com.zoesheill.Cat-Beats";
				PRODUCT_NAME = "Cat Beats";
				PROVISIONING_PROFILE = "cebc1c68-5e24-45f4-84b6-d4d312f66ff3";
				TARGETED_DEVICE_FAMILY = 1;
			};
			name = Debug;
		};
		B897AC9219E4AC8700820251 /* Release */ = {
			isa = XCBuildConfiguration;
			buildSettings = {
				ASSETCATALOG_COMPILER_APPICON_NAME = AppIcon;
				CODE_SIGN_IDENTITY = "iPhone Distribution: Beakyn Company (J5G994BZC2)";
				"CODE_SIGN_IDENTITY[sdk=iphoneos*]" = "iPhone Distribution: Beakyn Company (J5G994BZC2)";
				INFOPLIST_FILE = "Metronome-Swift/Info.plist";
				LD_RUNPATH_SEARCH_PATHS = "$(inherited) @executable_path/Frameworks";
				PRODUCT_BUNDLE_IDENTIFIER = "com.zoesheill.Cat-Beats";
				PRODUCT_NAME = "Cat Beats";
				PROVISIONING_PROFILE = "cebc1c68-5e24-45f4-84b6-d4d312f66ff3";
				TARGETED_DEVICE_FAMILY = 1;
			};
			name = Release;
		};
		B897AC9419E4AC8700820251 /* Debug */ = {
			isa = XCBuildConfiguration;
			buildSettings = {
				BUNDLE_LOADER = "$(TEST_HOST)";
				FRAMEWORK_SEARCH_PATHS = (
					"$(SDKROOT)/Developer/Library/Frameworks",
					"$(inherited)",
				);
				GCC_PREPROCESSOR_DEFINITIONS = (
					"DEBUG=1",
					"$(inherited)",
				);
				INFOPLIST_FILE = "Metronome-SwiftTests/Info.plist";
				LD_RUNPATH_SEARCH_PATHS = "$(inherited) @executable_path/Frameworks @loader_path/Frameworks";
				PRODUCT_NAME = "Cat Beats";
				TEST_HOST = "$(BUILT_PRODUCTS_DIR)/Cat Beats.app/Cat Beats";
			};
			name = Debug;
		};
		B897AC9519E4AC8700820251 /* Release */ = {
			isa = XCBuildConfiguration;
			buildSettings = {
				BUNDLE_LOADER = "$(TEST_HOST)";
				FRAMEWORK_SEARCH_PATHS = (
					"$(SDKROOT)/Developer/Library/Frameworks",
					"$(inherited)",
				);
				INFOPLIST_FILE = "Metronome-SwiftTests/Info.plist";
				LD_RUNPATH_SEARCH_PATHS = "$(inherited) @executable_path/Frameworks @loader_path/Frameworks";
				PRODUCT_NAME = "Cat Beats";
				TEST_HOST = "$(BUILT_PRODUCTS_DIR)/Cat Beats.app/Cat Beats";
			};
			name = Release;
		};
/* End XCBuildConfiguration section */

/* Begin XCConfigurationList section */
		B897AC6C19E4AC8700820251 /* Build configuration list for PBXProject "Cat Beats" */ = {
			isa = XCConfigurationList;
			buildConfigurations = (
				B897AC8E19E4AC8700820251 /* Debug */,
				B897AC8F19E4AC8700820251 /* Release */,
			);
			defaultConfigurationIsVisible = 0;
			defaultConfigurationName = Release;
		};
		B897AC9019E4AC8700820251 /* Build configuration list for PBXNativeTarget "Cat Beats" */ = {
			isa = XCConfigurationList;
			buildConfigurations = (
				B897AC9119E4AC8700820251 /* Debug */,
				B897AC9219E4AC8700820251 /* Release */,
			);
			defaultConfigurationIsVisible = 0;
			defaultConfigurationName = Release;
		};
		B897AC9319E4AC8700820251 /* Build configuration list for PBXNativeTarget "Cat BeatsTests" */ = {
			isa = XCConfigurationList;
			buildConfigurations = (
				B897AC9419E4AC8700820251 /* Debug */,
				B897AC9519E4AC8700820251 /* Release */,
			);
			defaultConfigurationIsVisible = 0;
			defaultConfigurationName = Release;
		};
/* End XCConfigurationList section */
	};
	rootObject = B897AC6919E4AC8700820251 /* Project object */;
}
